Microsoft Visual Studio Solution File, Format Version 12.00
# Visual Studio Version 17
VisualStudioVersion = 17.5.2.0
MinimumVisualStudioVersion = 10.0.40219.1
Project("{FAE04EC0-301F-11D3-BF4B-00C04F79EFBC}") = "mvt_parser", "mvt_parser.csproj", "{81ECB456-9A00-1C80-BB53-E5589D176679}"
EndProject
Global
	GlobalSection(SolutionConfigurationPlatforms) = preSolution
		Debug|Any CPU = Debug|Any CPU
		Release|Any CPU = Release|Any CPU
	EndGlobalSection
	GlobalSection(ProjectConfigurationPlatforms) = postSolution
		{81ECB456-9A00-1C80-BB53-E5589D176679}.Debug|Any CPU.ActiveCfg = Debug|Any CPU
		{81ECB456-9A00-1C80-BB53-E5589D176679}.Debug|Any CPU.Build.0 = Debug|Any CPU
		{81ECB456-9A00-1C80-BB53-E5589D176679}.Release|Any CPU.ActiveCfg = Release|Any CPU
		{81ECB456-9A00-1C80-BB53-E5589D176679}.Release|Any CPU.Build.0 = Release|Any CPU
	EndGlobalSection
	GlobalSection(SolutionProperties) = preSolution
		HideSolutionNode = FALSE
	EndGlobalSection
	GlobalSection(ExtensibilityGlobals) = postSolution
		SolutionGuid = {B68FBC1E-24A5-4FDB-A06D-C1A1010297A2}
	EndGlobalSection
EndGlobal
